
Microsoft Visual Studio Solution File, Format Version 12.00
# Visual Studio Version 17
VisualStudioVersion = 17.11.35431.28
MinimumVisualStudioVersion = 10.0.40219.1
Project("{FAE04EC0-301F-11D3-BF4B-00C04F79EFBC}") = "ConsoleApp5", "ConsoleApp5\ConsoleApp5.csproj", "{3CEB5809-4147-4F85-A2FB-67A59AB2BAD7}"
EndProject
Global
	GlobalSection(SolutionConfigurationPlatforms) = preSolution
		Debug|Any CPU = Debug|Any CPU
		Release|Any CPU = Release|Any CPU
	EndGlobalSection
	GlobalSection(ProjectConfigurationPlatforms) = postSolution
		{3CEB5809-4147-4F85-A2FB-67A59AB2BAD7}.Debug|Any CPU.ActiveCfg = Debug|Any CPU
		{3CEB5809-4147-4F85-A2FB-67A59AB2BAD7}.Debug|Any CPU.Build.0 = Debug|Any CPU
		{3CEB5809-4147-4F85-A2FB-67A59AB2BAD7}.Release|Any CPU.ActiveCfg = Release|Any CPU
		{3CEB5809-4147-4F85-A2FB-67A59AB2BAD7}.Release|Any CPU.Build.0 = Release|Any CPU
	EndGlobalSection
	GlobalSection(SolutionProperties) = preSolution
		HideSolutionNode = FALSE
	EndGlobalSection
	GlobalSection(ExtensibilityGlobals) = postSolution
		SolutionGuid = {65836BC7-EA4D-4DA2-A011-9987103C0057}
	EndGlobalSection
EndGlobal
